
Microsoft Visual Studio Solution File, Format Version 12.00
# Visual Studio Version 16
VisualStudioVersion = 16.0.32929.386
MinimumVisualStudioVersion = 10.0.40219.1
Project("{FAE04EC0-301F-11D3-BF4B-00C04F79EFBC}") = "Creche_Maravilha", "Creche_Maravilha.csproj", "{058A8EB0-0A47-4B27-BCB7-81E03435C6AB}"
EndProject
Global
	GlobalSection(SolutionConfigurationPlatforms) = preSolution
		Debug|Any CPU = Debug|Any CPU
		Release|Any CPU = Release|Any CPU
	EndGlobalSection
	GlobalSection(ProjectConfigurationPlatforms) = postSolution
		{058A8EB0-0A47-4B27-BCB7-81E03435C6AB}.Debug|Any CPU.ActiveCfg = Debug|Any CPU
		{058A8EB0-0A47-4B27-BCB7-81E03435C6AB}.Debug|Any CPU.Build.0 = Debug|Any CPU
		{058A8EB0-0A47-4B27-BCB7-81E03435C6AB}.Release|Any CPU.ActiveCfg = Release|Any CPU
		{058A8EB0-0A47-4B27-BCB7-81E03435C6AB}.Release|Any CPU.Build.0 = Release|Any CPU
	EndGlobalSection
	GlobalSection(SolutionProperties) = preSolution
		HideSolutionNode = FALSE
	EndGlobalSection
	GlobalSection(ExtensibilityGlobals) = postSolution
		SolutionGuid = {44C4921D-FCFD-49C5-A0D3-314881B493E4}
	EndGlobalSection
EndGlobal
